{
  "requires": true,
  "lockfileVersion": 1,
  "dependencies": {
    "@sgratzl/boxplots": {
      "version": "1.2.2",
      "resolved": "https://registry.npmjs.org/@sgratzl/boxplots/-/boxplots-1.2.2.tgz",
      "integrity": "sha512-4KFIxtkEey53dejcfXYhnU87v7vTsXeW79m3Rl1/1jybw/YMWOoiaic8TZof+zCWF9cHWrAa3YnESQsqsKpvUw=="
    },
    "@sgratzl/chartjs-chart-boxplot": {
      "version": "3.1.0",
      "resolved": "https://registry.npmjs.org/@sgratzl/chartjs-chart-boxplot/-/chartjs-chart-boxplot-3.1.0.tgz",
      "integrity": "sha512-yng/VGISohoND5hrWlQjEJHqVr4/1FXPCeKEEcJ9BaiWPWWedqt1s17pe1ECvmzi1gUzbYeIX+D99ttUNBd89A==",
      "requires": {
        "@sgratzl/boxplots": "^1.2.2"
      }
    },
    "bootstrap": {
      "version": "4.5.2",
      "resolved": "https://registry.npmjs.org/bootstrap/-/bootstrap-4.5.2.tgz",
      "integrity": "sha512-vlGn0bcySYl/iV+BGA544JkkZP5LB3jsmkeKLFQakCOwCM3AOk7VkldBz4jrzSe+Z0Ezn99NVXa1o45cQY4R6A=="
    },
    "chart.js": {
      "version": "3.3.2",
      "resolved": "https://registry.npmjs.org/chart.js/-/chart.js-3.3.2.tgz",
      "integrity": "sha512-H0hSO7xqTIrwxoACqnSoNromEMfXvfuVnrbuSt2TuXfBDDofbnto4zuZlRtRvC73/b37q3wGAWZyUU41QPvNbA=="
    }
  }
}
